
Microsoft Visual Studio Solution File, Format Version 12.00
# Visual Studio 15
VisualStudioVersion = 15.0.27701.1
MinimumVisualStudioVersion = 10.0.40219.1
Project("{E24C65DC-7377-472B-9ABA-BC803B73C61A}") = "PCSWebSite01", "PCSWebSite01\", "{487B12D1-5EDB-4DD9-B9D3-7CDC61A5A568}"
	ProjectSection(WebsiteProperties) = preProject
		TargetFrameworkMoniker = ".NETFramework,Version%3Dv4.0"
		Debug.AspNetCompiler.VirtualPath = "/localhost_59806"
		Debug.AspNetCompiler.PhysicalPath = "PCSWebSite01\"
		Debug.AspNetCompiler.TargetPath = "PrecompiledWeb\localhost_59806\"
		Debug.AspNetCompiler.Updateable = "true"
		Debug.AspNetCompiler.ForceOverwrite = "true"
		Debug.AspNetCompiler.FixedNames = "false"
		Debug.AspNetCompiler.Debug = "True"
		Release.AspNetCompiler.VirtualPath = "/localhost_59806"
		Release.AspNetCompiler.PhysicalPath = "PCSWebSite01\"
		Release.AspNetCompiler.TargetPath = "PrecompiledWeb\localhost_59806\"
		Release.AspNetCompiler.Updateable = "true"
		Release.AspNetCompiler.ForceOverwrite = "true"
		Release.AspNetCompiler.FixedNames = "false"
		Release.AspNetCompiler.Debug = "False"
		VWDPort = "59806"
		SlnRelativePath = "PCSWebSite01\"
		DefaultWebSiteLanguage = "Visual Basic"
	EndProjectSection
EndProject
Global
	GlobalSection(SolutionConfigurationPlatforms) = preSolution
		Debug|Any CPU = Debug|Any CPU
	EndGlobalSection
	GlobalSection(ProjectConfigurationPlatforms) = postSolution
		{487B12D1-5EDB-4DD9-B9D3-7CDC61A5A568}.Debug|Any CPU.ActiveCfg = Debug|Any CPU
		{487B12D1-5EDB-4DD9-B9D3-7CDC61A5A568}.Debug|Any CPU.Build.0 = Debug|Any CPU
	EndGlobalSection
	GlobalSection(SolutionProperties) = preSolution
		HideSolutionNode = FALSE
	EndGlobalSection
	GlobalSection(ExtensibilityGlobals) = postSolution
		SolutionGuid = {AFA54796-CD4C-4AFC-BCEF-DC1878D4B621}
	EndGlobalSection
EndGlobal
